
Microsoft Visual Studio Solution File, Format Version 12.00
# Visual Studio Version 17
VisualStudioVersion = 17.0.31903.59
MinimumVisualStudioVersion = 10.0.40219.1
Project("{2150E333-8FDC-42A3-9474-1A3956D46DE8}") = "src", "src", "{827E0CD3-B72D-47B6-A68D-7590B98EB39B}"
EndProject
Project("{FAE04EC0-301F-11D3-BF4B-00C04F79EFBC}") = "NetRpc.Cli", "src\NetRpc.Cli\NetRpc.Cli.csproj", "{E0D2B545-8912-4FA1-ADC7-A5E025A0B505}"
EndProject
Project("{FAE04EC0-301F-11D3-BF4B-00C04F79EFBC}") = "NetRpc.Core", "src\NetRpc.Core\NetRpc.Core.csproj", "{EC75AA53-6F42-44B0-B8AC-0ED52409CF04}"
EndProject
Project("{2150E333-8FDC-42A3-9474-1A3956D46DE8}") = "test", "test", "{0C88DD14-F956-CE84-757C-A364CCF449FC}"
EndProject
Project("{FAE04EC0-301F-11D3-BF4B-00C04F79EFBC}") = "NetRpc.Core.Test", "test\NetRpc.Core.Test\NetRpc.Core.Test.csproj", "{5A27FF70-7C08-44AF-B266-2F692A75CE36}"
EndProject
Project("{FAE04EC0-301F-11D3-BF4B-00C04F79EFBC}") = "NetRpc.ThriftParser", "src\NetRpc.ThriftParser\NetRpc.ThriftParser.csproj", "{2F9B64CE-3139-472E-AAB1-2389FE9F2EB2}"
EndProject
Global
	GlobalSection(SolutionConfigurationPlatforms) = preSolution
		Debug|Any CPU = Debug|Any CPU
		Debug|x64 = Debug|x64
		Debug|x86 = Debug|x86
		Release|Any CPU = Release|Any CPU
		Release|x64 = Release|x64
		Release|x86 = Release|x86
	EndGlobalSection
	GlobalSection(ProjectConfigurationPlatforms) = postSolution
		{E0D2B545-8912-4FA1-ADC7-A5E025A0B505}.Debug|Any CPU.ActiveCfg = Debug|Any CPU
		{E0D2B545-8912-4FA1-ADC7-A5E025A0B505}.Debug|Any CPU.Build.0 = Debug|Any CPU
		{E0D2B545-8912-4FA1-ADC7-A5E025A0B505}.Debug|x64.ActiveCfg = Debug|Any CPU
		{E0D2B545-8912-4FA1-ADC7-A5E025A0B505}.Debug|x64.Build.0 = Debug|Any CPU
		{E0D2B545-8912-4FA1-ADC7-A5E025A0B505}.Debug|x86.ActiveCfg = Debug|Any CPU
		{E0D2B545-8912-4FA1-ADC7-A5E025A0B505}.Debug|x86.Build.0 = Debug|Any CPU
		{E0D2B545-8912-4FA1-ADC7-A5E025A0B505}.Release|Any CPU.ActiveCfg = Release|Any CPU
		{E0D2B545-8912-4FA1-ADC7-A5E025A0B505}.Release|Any CPU.Build.0 = Release|Any CPU
		{E0D2B545-8912-4FA1-ADC7-A5E025A0B505}.Release|x64.ActiveCfg = Release|Any CPU
		{E0D2B545-8912-4FA1-ADC7-A5E025A0B505}.Release|x64.Build.0 = Release|Any CPU
		{E0D2B545-8912-4FA1-ADC7-A5E025A0B505}.Release|x86.ActiveCfg = Release|Any CPU
		{E0D2B545-8912-4FA1-ADC7-A5E025A0B505}.Release|x86.Build.0 = Release|Any CPU
		{EC75AA53-6F42-44B0-B8AC-0ED52409CF04}.Debug|Any CPU.ActiveCfg = Debug|Any CPU
		{EC75AA53-6F42-44B0-B8AC-0ED52409CF04}.Debug|Any CPU.Build.0 = Debug|Any CPU
		{EC75AA53-6F42-44B0-B8AC-0ED52409CF04}.Debug|x64.ActiveCfg = Debug|Any CPU
		{EC75AA53-6F42-44B0-B8AC-0ED52409CF04}.Debug|x64.Build.0 = Debug|Any CPU
		{EC75AA53-6F42-44B0-B8AC-0ED52409CF04}.Debug|x86.ActiveCfg = Debug|Any CPU
		{EC75AA53-6F42-44B0-B8AC-0ED52409CF04}.Debug|x86.Build.0 = Debug|Any CPU
		{EC75AA53-6F42-44B0-B8AC-0ED52409CF04}.Release|Any CPU.ActiveCfg = Release|Any CPU
		{EC75AA53-6F42-44B0-B8AC-0ED52409CF04}.Release|Any CPU.Build.0 = Release|Any CPU
		{EC75AA53-6F42-44B0-B8AC-0ED52409CF04}.Release|x64.ActiveCfg = Release|Any CPU
		{EC75AA53-6F42-44B0-B8AC-0ED52409CF04}.Release|x64.Build.0 = Release|Any CPU
		{EC75AA53-6F42-44B0-B8AC-0ED52409CF04}.Release|x86.ActiveCfg = Release|Any CPU
		{EC75AA53-6F42-44B0-B8AC-0ED52409CF04}.Release|x86.Build.0 = Release|Any CPU
		{5A27FF70-7C08-44AF-B266-2F692A75CE36}.Debug|Any CPU.ActiveCfg = Debug|Any CPU
		{5A27FF70-7C08-44AF-B266-2F692A75CE36}.Debug|Any CPU.Build.0 = Debug|Any CPU
		{5A27FF70-7C08-44AF-B266-2F692A75CE36}.Debug|x64.ActiveCfg = Debug|Any CPU
		{5A27FF70-7C08-44AF-B266-2F692A75CE36}.Debug|x64.Build.0 = Debug|Any CPU
		{5A27FF70-7C08-44AF-B266-2F692A75CE36}.Debug|x86.ActiveCfg = Debug|Any CPU
		{5A27FF70-7C08-44AF-B266-2F692A75CE36}.Debug|x86.Build.0 = Debug|Any CPU
		{5A27FF70-7C08-44AF-B266-2F692A75CE36}.Release|Any CPU.ActiveCfg = Release|Any CPU
		{5A27FF70-7C08-44AF-B266-2F692A75CE36}.Release|Any CPU.Build.0 = Release|Any CPU
		{5A27FF70-7C08-44AF-B266-2F692A75CE36}.Release|x64.ActiveCfg = Release|Any CPU
		{5A27FF70-7C08-44AF-B266-2F692A75CE36}.Release|x64.Build.0 = Release|Any CPU
		{5A27FF70-7C08-44AF-B266-2F692A75CE36}.Release|x86.ActiveCfg = Release|Any CPU
		{5A27FF70-7C08-44AF-B266-2F692A75CE36}.Release|x86.Build.0 = Release|Any CPU
		{2F9B64CE-3139-472E-AAB1-2389FE9F2EB2}.Debug|Any CPU.ActiveCfg = Debug|Any CPU
		{2F9B64CE-3139-472E-AAB1-2389FE9F2EB2}.Debug|Any CPU.Build.0 = Debug|Any CPU
		{2F9B64CE-3139-472E-AAB1-2389FE9F2EB2}.Debug|x64.ActiveCfg = Debug|Any CPU
		{2F9B64CE-3139-472E-AAB1-2389FE9F2EB2}.Debug|x64.Build.0 = Debug|Any CPU
		{2F9B64CE-3139-472E-AAB1-2389FE9F2EB2}.Debug|x86.ActiveCfg = Debug|Any CPU
		{2F9B64CE-3139-472E-AAB1-2389FE9F2EB2}.Debug|x86.Build.0 = Debug|Any CPU
		{2F9B64CE-3139-472E-AAB1-2389FE9F2EB2}.Release|Any CPU.ActiveCfg = Release|Any CPU
		{2F9B64CE-3139-472E-AAB1-2389FE9F2EB2}.Release|Any CPU.Build.0 = Release|Any CPU
		{2F9B64CE-3139-472E-AAB1-2389FE9F2EB2}.Release|x64.ActiveCfg = Release|Any CPU
		{2F9B64CE-3139-472E-AAB1-2389FE9F2EB2}.Release|x64.Build.0 = Release|Any CPU
		{2F9B64CE-3139-472E-AAB1-2389FE9F2EB2}.Release|x86.ActiveCfg = Release|Any CPU
		{2F9B64CE-3139-472E-AAB1-2389FE9F2EB2}.Release|x86.Build.0 = Release|Any CPU
	EndGlobalSection
	GlobalSection(SolutionProperties) = preSolution
		HideSolutionNode = FALSE
	EndGlobalSection
	GlobalSection(NestedProjects) = preSolution
		{E0D2B545-8912-4FA1-ADC7-A5E025A0B505} = {827E0CD3-B72D-47B6-A68D-7590B98EB39B}
		{EC75AA53-6F42-44B0-B8AC-0ED52409CF04} = {827E0CD3-B72D-47B6-A68D-7590B98EB39B}
		{5A27FF70-7C08-44AF-B266-2F692A75CE36} = {0C88DD14-F956-CE84-757C-A364CCF449FC}
		{2F9B64CE-3139-472E-AAB1-2389FE9F2EB2} = {827E0CD3-B72D-47B6-A68D-7590B98EB39B}
	EndGlobalSection
EndGlobal
